{
	"name": "@stencil-tools/languageserver",
	"version": "3.0.0-alpha.0",
	"lockfileVersion": 1,
	"requires": true,
	"dependencies": {
		"@types/multimatch": {
			"version": "2.1.2",
			"resolved": "https://registry.npmjs.org/@types/multimatch/-/multimatch-2.1.2.tgz",
			"integrity": "sha512-2WC+kyYTb1HATEVdVuBerAx+iHnGl8xlnOEjhi791BI94pxtWMk322gVLrvBArogrB229MfIDX2n1G1KglbGMg==",
			"dev": true
		},
		"@types/node": {
			"version": "10.12.6",
			"resolved": "https://registry.npmjs.org/@types/node/-/node-10.12.6.tgz",
			"integrity": "sha512-+ZWB5Ec1iki99xQFzBlivlKxSZQ+fuUKBott8StBOnLN4dWbRHlgdg1XknpW6g0tweniN5DcOqA64CJyOUPSAw==",
			"dev": true
		},
		"array-differ": {
			"version": "1.0.0",
			"resolved": "https://registry.npmjs.org/array-differ/-/array-differ-1.0.0.tgz",
			"integrity": "sha1-7/UuN1gknTO+QCuLuOVkuytdQDE="
		},
		"array-union": {
			"version": "1.0.2",
			"resolved": "https://registry.npmjs.org/array-union/-/array-union-1.0.2.tgz",
			"integrity": "sha1-mjRBDk9OPaI96jdb5b5w8kd47Dk=",
			"requires": {
				"array-uniq": "^1.0.1"
			}
		},
		"array-uniq": {
			"version": "1.0.3",
			"resolved": "https://registry.npmjs.org/array-uniq/-/array-uniq-1.0.3.tgz",
			"integrity": "sha1-r2rId6Jcx/dOBYiUdThY39sk/bY="
		},
		"arrify": {
			"version": "1.0.1",
			"resolved": "https://registry.npmjs.org/arrify/-/arrify-1.0.1.tgz",
			"integrity": "sha1-iYUI2iIm84DfkEcoRWhJwVAaSw0="
		},
		"balanced-match": {
			"version": "1.0.0",
			"resolved": "https://registry.npmjs.org/balanced-match/-/balanced-match-1.0.0.tgz",
			"integrity": "sha1-ibTRmasr7kneFk6gK4nORi1xt2c="
		},
		"brace-expansion": {
			"version": "1.1.11",
			"resolved": "https://registry.npmjs.org/brace-expansion/-/brace-expansion-1.1.11.tgz",
			"integrity": "sha512-iCuPHDFgrHX7H2vEI/5xpz07zSHB00TpugqhmYtVmMO6518mCuRMoOYFldEBl0g187ufozdaHgWKcYFb61qGiA==",
			"requires": {
				"balanced-match": "^1.0.0",
				"concat-map": "0.0.1"
			}
		},
		"concat-map": {
			"version": "0.0.1",
			"resolved": "https://registry.npmjs.org/concat-map/-/concat-map-0.0.1.tgz",
			"integrity": "sha1-2Klr13/Wjfd5OnMDajug1UBdR3s="
		},
		"minimatch": {
			"version": "3.0.4",
			"resolved": "https://registry.npmjs.org/minimatch/-/minimatch-3.0.4.tgz",
			"integrity": "sha512-yJHVQEhyqPLUTgt9B83PXu6W3rx4MvvHvSUvToogpwoGDOUQ+yDrR0HRot+yOCdCO7u4hX3pWft6kWBBcqh0UA==",
			"requires": {
				"brace-expansion": "^1.1.7"
			}
		},
		"multimatch": {
			"version": "2.1.0",
			"resolved": "https://registry.npmjs.org/multimatch/-/multimatch-2.1.0.tgz",
			"integrity": "sha1-nHkGoi+0wCkZ4vX3UWG0zb1LKis=",
			"requires": {
				"array-differ": "^1.0.0",
				"array-union": "^1.0.1",
				"arrify": "^1.0.0",
				"minimatch": "^3.0.0"
			}
		},
		"typescript": {
			"version": "3.1.6",
			"resolved": "https://registry.npmjs.org/typescript/-/typescript-3.1.6.tgz",
			"integrity": "sha512-tDMYfVtvpb96msS1lDX9MEdHrW4yOuZ4Kdc4Him9oU796XldPYF/t2+uKoX0BBa0hXXwDlqYQbXY5Rzjzc5hBA=="
		},
		"vscode-jsonrpc": {
			"version": "4.0.0",
			"resolved": "https://registry.npmjs.org/vscode-jsonrpc/-/vscode-jsonrpc-4.0.0.tgz",
			"integrity": "sha512-perEnXQdQOJMTDFNv+UF3h1Y0z4iSiaN9jIlb0OqIYgosPCZGYh/MCUlkFtV2668PL69lRDO32hmvL2yiidUYg=="
		},
		"vscode-languageserver": {
			"version": "4.4.2",
			"resolved": "https://registry.npmjs.org/vscode-languageserver/-/vscode-languageserver-4.4.2.tgz",
			"integrity": "sha512-61y8Raevi9EigDgg9NelvT9cUAohiEbUl1LOwQQgOCAaNX62yKny/ddi0uC+FUTm4CzsjhBu+06R+vYgfCYReA==",
			"requires": {
				"vscode-languageserver-protocol": "^3.10.3",
				"vscode-uri": "^1.0.5"
			}
		},
		"vscode-languageserver-protocol": {
			"version": "3.13.0",
			"resolved": "https://registry.npmjs.org/vscode-languageserver-protocol/-/vscode-languageserver-protocol-3.13.0.tgz",
			"integrity": "sha512-2ZGKwI+P2ovQll2PGAp+2UfJH+FK9eait86VBUdkPd9HRlm8e58aYT9pV/NYanHOcp3pL6x2yTLVCFMcTer0mg==",
			"requires": {
				"vscode-jsonrpc": "^4.0.0",
				"vscode-languageserver-types": "3.13.0"
			}
		},
		"vscode-languageserver-types": {
			"version": "3.13.0",
			"resolved": "https://registry.npmjs.org/vscode-languageserver-types/-/vscode-languageserver-types-3.13.0.tgz",
			"integrity": "sha512-BnJIxS+5+8UWiNKCP7W3g9FlE7fErFw0ofP5BXJe7c2tl0VeWh+nNHFbwAS2vmVC4a5kYxHBjRy0UeOtziemVA=="
		},
		"vscode-uri": {
			"version": "1.0.6",
			"resolved": "https://registry.npmjs.org/vscode-uri/-/vscode-uri-1.0.6.tgz",
			"integrity": "sha512-sLI2L0uGov3wKVb9EB+vIQBl9tVP90nqRvxSoJ35vI3NjxE8jfsE5DSOhWgSunHSZmKS4OCi2jrtfxK7uyp2ww=="
		}
	}
}
