{
	"name": "@stencil-tools/cli",
	"version": "3.0.0-alpha.0",
	"lockfileVersion": 1,
	"requires": true,
	"dependencies": {
		"@types/graceful-fs": {
			"version": "4.1.2",
			"resolved": "https://registry.npmjs.org/@types/graceful-fs/-/graceful-fs-4.1.2.tgz",
			"integrity": "sha512-epDhsJAVxJsWfeqpzEDFhLnhHMbHie/VMFY+2Hvt5p7FemeW5ELM+6gcVYL/ZsUwdu3zrWpDE3VUTddXW+EMYg==",
			"dev": true,
			"requires": {
				"@types/node": "*"
			}
		},
		"@types/node": {
			"version": "10.12.7",
			"resolved": "https://registry.npmjs.org/@types/node/-/node-10.12.7.tgz",
			"integrity": "sha512-Zh5Z4kACfbeE8aAOYh9mqotRxaZMro8MbBQtR8vEXOMiZo2rGEh2LayJijKdlu48YnS6y2EFU/oo2NCe5P6jGw==",
			"dev": true
		},
		"graceful-fs": {
			"version": "4.1.15",
			"resolved": "https://registry.npmjs.org/graceful-fs/-/graceful-fs-4.1.15.tgz",
			"integrity": "sha512-6uHUhOPEBgQ24HM+r6b/QwWfZq+yiFcipKFrOFiBEnWdy5sdzYoi+pJeQaPI5qOLRFqWmAXUPQNsielzdLoecA=="
		},
		"typescript": {
			"version": "3.1.6",
			"resolved": "https://registry.npmjs.org/typescript/-/typescript-3.1.6.tgz",
			"integrity": "sha512-tDMYfVtvpb96msS1lDX9MEdHrW4yOuZ4Kdc4Him9oU796XldPYF/t2+uKoX0BBa0hXXwDlqYQbXY5Rzjzc5hBA=="
		}
	}
}
